
Microsoft Visual Studio Solution File, Format Version 12.00
# Visual Studio Version 17
VisualStudioVersion = 17.5.002.0
MinimumVisualStudioVersion = 10.0.40219.1
Project("{2150E333-8FDC-42A3-9474-1A3956D46DE8}") = "src", "src", "{A4138342-77CF-404E-AF2D-27387653A738}"
EndProject
Project("{9A19103F-16F7-4668-BE54-9A1E7A4F7556}") = "Twikey", "src\Twikey\Twikey.csproj", "{EE831779-09CA-4E78-AC8D-9647D371797F}"
EndProject
Project("{9A19103F-16F7-4668-BE54-9A1E7A4F7556}") = "TwikeyTests", "src\TwikeyTests\TwikeyTests.csproj", "{F579993B-6987-4B65-88A5-DEB786BD4464}"
EndProject
Global
	GlobalSection(SolutionConfigurationPlatforms) = preSolution
		Debug|Any CPU = Debug|Any CPU
		Release|Any CPU = Release|Any CPU
	EndGlobalSection
	GlobalSection(ProjectConfigurationPlatforms) = postSolution
		{EE831779-09CA-4E78-AC8D-9647D371797F}.Debug|Any CPU.ActiveCfg = Debug|Any CPU
		{EE831779-09CA-4E78-AC8D-9647D371797F}.Debug|Any CPU.Build.0 = Debug|Any CPU
		{EE831779-09CA-4E78-AC8D-9647D371797F}.Release|Any CPU.ActiveCfg = Release|Any CPU
		{EE831779-09CA-4E78-AC8D-9647D371797F}.Release|Any CPU.Build.0 = Release|Any CPU
		{F579993B-6987-4B65-88A5-DEB786BD4464}.Debug|Any CPU.ActiveCfg = Debug|Any CPU
		{F579993B-6987-4B65-88A5-DEB786BD4464}.Debug|Any CPU.Build.0 = Debug|Any CPU
		{F579993B-6987-4B65-88A5-DEB786BD4464}.Release|Any CPU.ActiveCfg = Release|Any CPU
		{F579993B-6987-4B65-88A5-DEB786BD4464}.Release|Any CPU.Build.0 = Release|Any CPU
	EndGlobalSection
	GlobalSection(SolutionProperties) = preSolution
		HideSolutionNode = FALSE
	EndGlobalSection
	GlobalSection(NestedProjects) = preSolution
		{EE831779-09CA-4E78-AC8D-9647D371797F} = {A4138342-77CF-404E-AF2D-27387653A738}
		{F579993B-6987-4B65-88A5-DEB786BD4464} = {A4138342-77CF-404E-AF2D-27387653A738}
	EndGlobalSection
	GlobalSection(ExtensibilityGlobals) = postSolution
		SolutionGuid = {066C768A-C542-41CE-8C3E-4F21481E6C43}
	EndGlobalSection
EndGlobal
